{
    "_meta": {
        "hash": {
            "sha256": "fcb56a633d9eb96ba16ad1a015a1070d59e1e68ca6669d7279617e872f648a81"
        },
        "pipfile-spec": 6,
        "requires": {
            "python_version": "3.8"
        },
        "sources": [
            {
                "name": "pypi",
                "url": "https://pypi.python.org/simple",
                "verify_ssl": true
            }
        ]
    },
    "default": {
        "azure-functions": {
            "hashes": [
                "sha256:242b35f47ae2586c7b99480338bb60f8116c4ad53284ac6235da98076d22830c",
                "sha256:77f38c90b8eff8708ded4cabdbe0eff40e2da628549fc010061452376cc2e70d"
            ],
            "index": "pypi",
            "version": "==1.13.3"
        },
        "types-requests": {
            "hashes": [
                "sha256:2437a5f4d16c0c8bd7539a8126d492b7aeb41e6cda670d76b286c7f83a658d42",
                "sha256:c8010c18b291a7efb60b1452dbe12530bc25693dd657e70c62803fcdc4bffe9b"
            ],
            "index": "pypi",
            "version": "==2.27.16"
        },
        "types-urllib3": {
            "hashes": [
                "sha256:95ea847fbf0bf675f50c8ae19a665baedcf07e6b4641662c4c3c72e7b2edf1a9",
                "sha256:ecf43c42d8ee439d732a1110b4901e9017a79a38daca26f08e42c8460069392c"
            ],
            "version": "==1.26.25.8"
        }
    },
    "develop": {}
}
